
Microsoft Visual Studio Solution File, Format Version 12.00
# Visual Studio Version 17
VisualStudioVersion = 17.0.31903.59
MinimumVisualStudioVersion = 10.0.40219.1
Project("{FAE04EC0-301F-11D3-BF4B-00C04F79EFBC}") = "Analytics.API", "Analytics.API\Analytics.API.csproj", "{814EF5B1-FBC8-4708-BCEC-F5CE4717BC7E}"
EndProject
Project("{FAE04EC0-301F-11D3-BF4B-00C04F79EFBC}") = "Analytics.Application", "Analytics.Application\Analytics.Application.csproj", "{AD8937C2-D6EF-4336-90DD-4BF13466B6B7}"
EndProject
Project("{FAE04EC0-301F-11D3-BF4B-00C04F79EFBC}") = "Analytics.Domain", "Analytics.Domain\Analytics.Domain.csproj", "{EC952000-E25A-49BF-863D-E7F8303B2AF7}"
EndProject
Project("{FAE04EC0-301F-11D3-BF4B-00C04F79EFBC}") = "Analytics.Infrastructure", "Analytics.Infrastructure\Analytics.Infrastructure.csproj", "{3CB5F879-7AED-43FD-8254-837D3C2E36C8}"
EndProject
Global
	GlobalSection(SolutionConfigurationPlatforms) = preSolution
		Debug|Any CPU = Debug|Any CPU
		Release|Any CPU = Release|Any CPU
	EndGlobalSection
	GlobalSection(SolutionProperties) = preSolution
		HideSolutionNode = FALSE
	EndGlobalSection
	GlobalSection(ProjectConfigurationPlatforms) = postSolution
		{814EF5B1-FBC8-4708-BCEC-F5CE4717BC7E}.Debug|Any CPU.ActiveCfg = Debug|Any CPU
		{814EF5B1-FBC8-4708-BCEC-F5CE4717BC7E}.Debug|Any CPU.Build.0 = Debug|Any CPU
		{814EF5B1-FBC8-4708-BCEC-F5CE4717BC7E}.Release|Any CPU.ActiveCfg = Release|Any CPU
		{814EF5B1-FBC8-4708-BCEC-F5CE4717BC7E}.Release|Any CPU.Build.0 = Release|Any CPU
		{AD8937C2-D6EF-4336-90DD-4BF13466B6B7}.Debug|Any CPU.ActiveCfg = Debug|Any CPU
		{AD8937C2-D6EF-4336-90DD-4BF13466B6B7}.Debug|Any CPU.Build.0 = Debug|Any CPU
		{AD8937C2-D6EF-4336-90DD-4BF13466B6B7}.Release|Any CPU.ActiveCfg = Release|Any CPU
		{AD8937C2-D6EF-4336-90DD-4BF13466B6B7}.Release|Any CPU.Build.0 = Release|Any CPU
		{EC952000-E25A-49BF-863D-E7F8303B2AF7}.Debug|Any CPU.ActiveCfg = Debug|Any CPU
		{EC952000-E25A-49BF-863D-E7F8303B2AF7}.Debug|Any CPU.Build.0 = Debug|Any CPU
		{EC952000-E25A-49BF-863D-E7F8303B2AF7}.Release|Any CPU.ActiveCfg = Release|Any CPU
		{EC952000-E25A-49BF-863D-E7F8303B2AF7}.Release|Any CPU.Build.0 = Release|Any CPU
		{3CB5F879-7AED-43FD-8254-837D3C2E36C8}.Debug|Any CPU.ActiveCfg = Debug|Any CPU
		{3CB5F879-7AED-43FD-8254-837D3C2E36C8}.Debug|Any CPU.Build.0 = Debug|Any CPU
		{3CB5F879-7AED-43FD-8254-837D3C2E36C8}.Release|Any CPU.ActiveCfg = Release|Any CPU
		{3CB5F879-7AED-43FD-8254-837D3C2E36C8}.Release|Any CPU.Build.0 = Release|Any CPU
	EndGlobalSection
EndGlobal
